{
  "version": 4,
  "terraform_version": "1.9.3",
  "serial": 5,
  "lineage": "a4a4748a-29e7-5b46-1ff5-b309ddfd4af6",
  "outputs": {},
  "resources": [
    {
      "mode": "managed",
      "type": "spotify_playlist",
      "name": "classic",
      "provider": "provider[\"registry.terraform.io/conradludgate/spotify\"]",
      "instances": [
        {
          "schema_version": 0,
          "attributes": {
            "description": "",
            "id": "0TwWSkDhZyTRCl6x1cO0JH",
            "name": "Classic",
            "public": true,
            "snapshot_id": "AAAAAz+TJQb9lgZA54TxyWCy3QIeNTBB",
            "tracks": [
              "6pFkZQ3o224K3dAR16oWAj"
            ]
          },
          "sensitive_attributes": [],
          "private": "bnVsbA=="
        }
      ]
    }
  ],
  "check_results": null
}
